
Microsoft Visual Studio Solution File, Format Version 12.00
# Visual Studio Version 16
VisualStudioVersion = 16.0.31702.278
MinimumVisualStudioVersion = 10.0.40219.1
Project("{FAE04EC0-301F-11D3-BF4B-00C04F79EFBC}") = "SQLiteWrapper", "SQLiteWrapper\SQLiteWrapper.csproj", "{DED7A7A9-8C36-4B4C-AF89-FEBB682A4DC4}"
EndProject
Project("{9A19103F-16F7-4668-BE54-9A1E7A4F7556}") = "SQLiteWrapperDotNetFive", "SQLiteWrapperDotNetFive\SQLiteWrapperDotNetFive.csproj", "{FFBFD1C8-421B-48D0-91FF-238782722A76}"
EndProject
Project("{9A19103F-16F7-4668-BE54-9A1E7A4F7556}") = "UnitTests", "UnitTests\UnitTests.csproj", "{1482086A-249C-4EC1-A86E-682CBDC3B939}"
EndProject
Global
	GlobalSection(SolutionConfigurationPlatforms) = preSolution
		Debug|Any CPU = Debug|Any CPU
		Release|Any CPU = Release|Any CPU
	EndGlobalSection
	GlobalSection(ProjectConfigurationPlatforms) = postSolution
		{DED7A7A9-8C36-4B4C-AF89-FEBB682A4DC4}.Debug|Any CPU.ActiveCfg = Debug|Any CPU
		{DED7A7A9-8C36-4B4C-AF89-FEBB682A4DC4}.Release|Any CPU.ActiveCfg = Release|Any CPU
		{DED7A7A9-8C36-4B4C-AF89-FEBB682A4DC4}.Release|Any CPU.Build.0 = Release|Any CPU
		{FFBFD1C8-421B-48D0-91FF-238782722A76}.Debug|Any CPU.ActiveCfg = Debug|Any CPU
		{FFBFD1C8-421B-48D0-91FF-238782722A76}.Debug|Any CPU.Build.0 = Debug|Any CPU
		{FFBFD1C8-421B-48D0-91FF-238782722A76}.Release|Any CPU.ActiveCfg = Release|Any CPU
		{FFBFD1C8-421B-48D0-91FF-238782722A76}.Release|Any CPU.Build.0 = Release|Any CPU
		{1482086A-249C-4EC1-A86E-682CBDC3B939}.Debug|Any CPU.ActiveCfg = Debug|Any CPU
		{1482086A-249C-4EC1-A86E-682CBDC3B939}.Debug|Any CPU.Build.0 = Debug|Any CPU
		{1482086A-249C-4EC1-A86E-682CBDC3B939}.Release|Any CPU.ActiveCfg = Release|Any CPU
		{1482086A-249C-4EC1-A86E-682CBDC3B939}.Release|Any CPU.Build.0 = Release|Any CPU
	EndGlobalSection
	GlobalSection(SolutionProperties) = preSolution
		HideSolutionNode = FALSE
	EndGlobalSection
	GlobalSection(ExtensibilityGlobals) = postSolution
		SolutionGuid = {DB8CD66C-584C-4738-9F6A-DE54557E4FDA}
		VisualSVNWorkingCopyRoot = .
	EndGlobalSection
EndGlobal
